
Microsoft Visual Studio Solution File, Format Version 12.00
# Visual Studio Version 17
VisualStudioVersion = 17.10.35201.131
MinimumVisualStudioVersion = 10.0.40219.1
Project("{9A19103F-16F7-4668-BE54-9A1E7A4F7556}") = "Microsoft.Extensions.DependencyInjection.InterfaceFactory", "Microsoft.Extensions.DependencyInjection.InterfaceFactory\Microsoft.Extensions.DependencyInjection.InterfaceFactory.csproj", "{ACF93A1E-B472-44BA-89A6-0745A904FDB6}"
EndProject
Project("{9A19103F-16F7-4668-BE54-9A1E7A4F7556}") = "InterfaceFactory.Tests", "InterfaceFactory.Tests\InterfaceFactory.Tests.csproj", "{DE64CFFD-D1DE-462A-A6ED-A083518FE8D0}"
EndProject
Global
	GlobalSection(SolutionConfigurationPlatforms) = preSolution
		Debug|Any CPU = Debug|Any CPU
		Release|Any CPU = Release|Any CPU
	EndGlobalSection
	GlobalSection(ProjectConfigurationPlatforms) = postSolution
		{ACF93A1E-B472-44BA-89A6-0745A904FDB6}.Debug|Any CPU.ActiveCfg = Debug|Any CPU
		{ACF93A1E-B472-44BA-89A6-0745A904FDB6}.Debug|Any CPU.Build.0 = Debug|Any CPU
		{ACF93A1E-B472-44BA-89A6-0745A904FDB6}.Release|Any CPU.ActiveCfg = Release|Any CPU
		{ACF93A1E-B472-44BA-89A6-0745A904FDB6}.Release|Any CPU.Build.0 = Release|Any CPU
		{DE64CFFD-D1DE-462A-A6ED-A083518FE8D0}.Debug|Any CPU.ActiveCfg = Debug|Any CPU
		{DE64CFFD-D1DE-462A-A6ED-A083518FE8D0}.Debug|Any CPU.Build.0 = Debug|Any CPU
		{DE64CFFD-D1DE-462A-A6ED-A083518FE8D0}.Release|Any CPU.ActiveCfg = Release|Any CPU
		{DE64CFFD-D1DE-462A-A6ED-A083518FE8D0}.Release|Any CPU.Build.0 = Release|Any CPU
	EndGlobalSection
	GlobalSection(SolutionProperties) = preSolution
		HideSolutionNode = FALSE
	EndGlobalSection
	GlobalSection(ExtensibilityGlobals) = postSolution
		SolutionGuid = {D419EBAF-0DB1-46AD-AA5B-6EB69CCEEFEC}
	EndGlobalSection
EndGlobal
